
Microsoft Visual Studio Solution File, Format Version 12.00
# Visual Studio Version 17
VisualStudioVersion = 17.8.34525.116
MinimumVisualStudioVersion = 10.0.40219.1
Project("{FAE04EC0-301F-11D3-BF4B-00C04F79EFBC}") = "Sistema_Aluno", "Sistema_Aluno\Sistema_Aluno.csproj", "{C466AEBB-33D7-4044-A5C0-48B3C8906168}"
EndProject
Global
	GlobalSection(SolutionConfigurationPlatforms) = preSolution
		Debug|Any CPU = Debug|Any CPU
		Release|Any CPU = Release|Any CPU
	EndGlobalSection
	GlobalSection(ProjectConfigurationPlatforms) = postSolution
		{C466AEBB-33D7-4044-A5C0-48B3C8906168}.Debug|Any CPU.ActiveCfg = Debug|Any CPU
		{C466AEBB-33D7-4044-A5C0-48B3C8906168}.Debug|Any CPU.Build.0 = Debug|Any CPU
		{C466AEBB-33D7-4044-A5C0-48B3C8906168}.Release|Any CPU.ActiveCfg = Release|Any CPU
		{C466AEBB-33D7-4044-A5C0-48B3C8906168}.Release|Any CPU.Build.0 = Release|Any CPU
	EndGlobalSection
	GlobalSection(SolutionProperties) = preSolution
		HideSolutionNode = FALSE
	EndGlobalSection
	GlobalSection(ExtensibilityGlobals) = postSolution
		SolutionGuid = {80926C6F-B6A7-43F0-93FA-53BF693E0C82}
	EndGlobalSection
EndGlobal
